
Microsoft Visual Studio Solution File, Format Version 12.00
# Visual Studio Version 17
VisualStudioVersion = 17.1.32210.238
MinimumVisualStudioVersion = 10.0.40219.1
Project("{9A19103F-16F7-4668-BE54-9A1E7A4F7556}") = "BelajarRazor", "BelajarRazor\BelajarRazor.csproj", "{3CAFA30F-8BEB-4D47-8940-6ADD7267D18D}"
EndProject
Global
	GlobalSection(SolutionConfigurationPlatforms) = preSolution
		Debug|Any CPU = Debug|Any CPU
		Release|Any CPU = Release|Any CPU
	EndGlobalSection
	GlobalSection(ProjectConfigurationPlatforms) = postSolution
		{3CAFA30F-8BEB-4D47-8940-6ADD7267D18D}.Debug|Any CPU.ActiveCfg = Debug|Any CPU
		{3CAFA30F-8BEB-4D47-8940-6ADD7267D18D}.Debug|Any CPU.Build.0 = Debug|Any CPU
		{3CAFA30F-8BEB-4D47-8940-6ADD7267D18D}.Release|Any CPU.ActiveCfg = Release|Any CPU
		{3CAFA30F-8BEB-4D47-8940-6ADD7267D18D}.Release|Any CPU.Build.0 = Release|Any CPU
	EndGlobalSection
	GlobalSection(SolutionProperties) = preSolution
		HideSolutionNode = FALSE
	EndGlobalSection
	GlobalSection(ExtensibilityGlobals) = postSolution
		SolutionGuid = {CBF7B98F-0096-44F9-9EA9-955C3BDAA25A}
	EndGlobalSection
EndGlobal
